
Microsoft Visual Studio Solution File, Format Version 12.00
# Visual Studio Version 17
VisualStudioVersion = 17.0.32112.339
MinimumVisualStudioVersion = 10.0.40219.1
Project("{FAE04EC0-301F-11D3-BF4B-00C04F79EFBC}") = "BankAccountTestProject", "BankAccountTestProject\BankAccountTestProject.csproj", "{7E86EE77-D4AE-46C8-9997-3CA8329AA030}"
EndProject
Project("{FAE04EC0-301F-11D3-BF4B-00C04F79EFBC}") = "BankAccountTestProjectTests", "BankAccountTestProjectTests\BankAccountTestProjectTests.csproj", "{3965B827-9CF3-4BAC-8504-87261726701A}"
EndProject
Global
	GlobalSection(SolutionConfigurationPlatforms) = preSolution
		Debug|Any CPU = Debug|Any CPU
		Release|Any CPU = Release|Any CPU
	EndGlobalSection
	GlobalSection(ProjectConfigurationPlatforms) = postSolution
		{7E86EE77-D4AE-46C8-9997-3CA8329AA030}.Debug|Any CPU.ActiveCfg = Debug|Any CPU
		{7E86EE77-D4AE-46C8-9997-3CA8329AA030}.Debug|Any CPU.Build.0 = Debug|Any CPU
		{7E86EE77-D4AE-46C8-9997-3CA8329AA030}.Release|Any CPU.ActiveCfg = Release|Any CPU
		{7E86EE77-D4AE-46C8-9997-3CA8329AA030}.Release|Any CPU.Build.0 = Release|Any CPU
		{3965B827-9CF3-4BAC-8504-87261726701A}.Debug|Any CPU.ActiveCfg = Debug|Any CPU
		{3965B827-9CF3-4BAC-8504-87261726701A}.Debug|Any CPU.Build.0 = Debug|Any CPU
		{3965B827-9CF3-4BAC-8504-87261726701A}.Release|Any CPU.ActiveCfg = Release|Any CPU
		{3965B827-9CF3-4BAC-8504-87261726701A}.Release|Any CPU.Build.0 = Release|Any CPU
	EndGlobalSection
	GlobalSection(SolutionProperties) = preSolution
		HideSolutionNode = FALSE
	EndGlobalSection
	GlobalSection(ExtensibilityGlobals) = postSolution
		SolutionGuid = {F1248E44-E78B-43FA-B217-E26ED894069B}
	EndGlobalSection
EndGlobal
